// !$*UTF8*$!
{
	archiveVersion = 1;
	classes = {
	};
	objectVersion = 51;
	objects = {

/* Begin PBXBuildFile section */
		54D9C3E22F06A6099456AE81 /* Pods_InstaCloneProject_.framework in Frameworks */ = {isa = PBXBuildFile; fileRef = 64AFD13C44245D343149C27D /* Pods_InstaCloneProject_.framework */; };
		6321B71E2626433E00FA2636 /* GoogleService-Info.plist in Resources */ = {isa = PBXBuildFile; fileRef = 6321B71D2626433E00FA2636 /* GoogleService-Info.plist */; };
		6321B73926269F5A00FA2636 /* FeedViewController.swift in Sources */ = {isa = PBXBuildFile; fileRef = 6321B73826269F5900FA2636 /* FeedViewController.swift */; };
		6321B73C2626A06400FA2636 /* SettingsViewController.swift in Sources */ = {isa = PBXBuildFile; fileRef = 6321B73B2626A06400FA2636 /* SettingsViewController.swift */; };
		6321B73F2626A0CB00FA2636 /* UploadViewController.swift in Sources */ = {isa = PBXBuildFile; fileRef = 6321B73E2626A0CB00FA2636 /* UploadViewController.swift */; };
		6321B74626270A7F00FA2636 /* FeedCell.swift in Sources */ = {isa = PBXBuildFile; fileRef = 6321B74526270A7F00FA2636 /* FeedCell.swift */; };
		636D07CC25F0222600FD9649 /* AppDelegate.swift in Sources */ = {isa = PBXBuildFile; fileRef = 636D07CB25F0222600FD9649 /* AppDelegate.swift */; };
		636D07CE25F0222600FD9649 /* SceneDelegate.swift in Sources */ = {isa = PBXBuildFile; fileRef = 636D07CD25F0222600FD9649 /* SceneDelegate.swift */; };
		636D07D025F0222600FD9649 /* ViewController.swift in Sources */ = {isa = PBXBuildFile; fileRef = 636D07CF25F0222600FD9649 /* ViewController.swift */; };
		636D07D325F0222600FD9649 /* Main.storyboard in Resources */ = {isa = PBXBuildFile; fileRef = 636D07D125F0222600FD9649 /* Main.storyboard */; };
		636D07D525F0224400FD9649 /* Assets.xcassets in Resources */ = {isa = PBXBuildFile; fileRef = 636D07D425F0224400FD9649 /* Assets.xcassets */; };
		636D07D825F0224400FD9649 /* LaunchScreen.storyboard in Resources */ = {isa = PBXBuildFile; fileRef = 636D07D625F0224400FD9649 /* LaunchScreen.storyboard */; };
/* End PBXBuildFile section */

/* Begin PBXFileReference section */
		6321B71D2626433E00FA2636 /* GoogleService-Info.plist */ = {isa = PBXFileReference; fileEncoding = 4; lastKnownFileType = text.plist.xml; path = "GoogleService-Info.plist"; sourceTree = "<group>"; };
		6321B73826269F5900FA2636 /* FeedViewController.swift */ = {isa = PBXFileReference; lastKnownFileType = sourcecode.swift; path = FeedViewController.swift; sourceTree = "<group>"; };
		6321B73B2626A06400FA2636 /* SettingsViewController.swift */ = {isa = PBXFileReference; lastKnownFileType = sourcecode.swift; path = SettingsViewController.swift; sourceTree = "<group>"; };
		6321B73E2626A0CB00FA2636 /* UploadViewController.swift */ = {isa = PBXFileReference; lastKnownFileType = sourcecode.swift; path = UploadViewController.swift; sourceTree = "<group>"; };
		6321B74526270A7F00FA2636 /* FeedCell.swift */ = {isa = PBXFileReference; lastKnownFileType = sourcecode.swift; path = FeedCell.swift; sourceTree = "<group>"; };
		636D07C825F0222600FD9649 /* InstaCloneProject_.app */ = {isa = PBXFileReference; explicitFileType = wrapper.application; includeInIndex = 0; path = InstaCloneProject_.app; sourceTree = BUILT_PRODUCTS_DIR; };
		636D07CB25F0222600FD9649 /* AppDelegate.swift */ = {isa = PBXFileReference; lastKnownFileType = sourcecode.swift; path = AppDelegate.swift; sourceTree = "<group>"; };
		636D07CD25F0222600FD9649 /* SceneDelegate.swift */ = {isa = PBXFileReference; lastKnownFileType = sourcecode.swift; path = SceneDelegate.swift; sourceTree = "<group>"; };
		636D07CF25F0222600FD9649 /* ViewController.swift */ = {isa = PBXFileReference; lastKnownFileType = sourcecode.swift; path = ViewController.swift; sourceTree = "<group>"; };
		636D07D225F0222600FD9649 /* Base */ = {isa = PBXFileReference; lastKnownFileType = file.storyboard; name = Base; path = Base.lproj/Main.storyboard; sourceTree = "<group>"; };
		636D07D425F0224400FD9649 /* Assets.xcassets */ = {isa = PBXFileReference; lastKnownFileType = folder.assetcatalog; path = Assets.xcassets; sourceTree = "<group>"; };
		636D07D725F0224400FD9649 /* Base */ = {isa = PBXFileReference; lastKnownFileType = file.storyboard; name = Base; path = Base.lproj/LaunchScreen.storyboard; sourceTree = "<group>"; };
		636D07D925F0224400FD9649 /* Info.plist */ = {isa = PBXFileReference; lastKnownFileType = text.plist.xml; path = Info.plist; sourceTree = "<group>"; };
		64AFD13C44245D343149C27D /* Pods_InstaCloneProject_.framework */ = {isa = PBXFileReference; explicitFileType = wrapper.framework; includeInIndex = 0; path = Pods_InstaCloneProject_.framework; sourceTree = BUILT_PRODUCTS_DIR; };
		9E33A9211628917E93F1497A /* Pods-InstaCloneProject_.release.xcconfig */ = {isa = PBXFileReference; includeInIndex = 1; lastKnownFileType = text.xcconfig; name = "Pods-InstaCloneProject_.release.xcconfig"; path = "Target Support Files/Pods-InstaCloneProject_/Pods-InstaCloneProject_.release.xcconfig"; sourceTree = "<group>"; };
		DE8A560AB6CDB108DEAF1318 /* Pods-InstaCloneProject_.debug.xcconfig */ = {isa = PBXFileReference; includeInIndex = 1; lastKnownFileType = text.xcconfig; name = "Pods-InstaCloneProject_.debug.xcconfig"; path = "Target Support Files/Pods-InstaCloneProject_/Pods-InstaCloneProject_.debug.xcconfig"; sourceTree = "<group>"; };
/* End PBXFileReference section */

/* Begin PBXFrameworksBuildPhase section */
		636D07C525F0222600FD9649 /* Frameworks */ = {
			isa = PBXFrameworksBuildPhase;
			buildActionMask = 2147483647;
			files = (
				54D9C3E22F06A6099456AE81 /* Pods_InstaCloneProject_.framework in Frameworks */,
			);
			runOnlyForDeploymentPostprocessing = 0;
		};
/* End PBXFrameworksBuildPhase section */

/* Begin PBXGroup section */
		17F782CBA0E090F4E01F7B3E /* Pods */ = {
			isa = PBXGroup;
			children = (
				DE8A560AB6CDB108DEAF1318 /* Pods-InstaCloneProject_.debug.xcconfig */,
				9E33A9211628917E93F1497A /* Pods-InstaCloneProject_.release.xcconfig */,
			);
			path = Pods;
			sourceTree = "<group>";
		};
		636D07BF25F0222600FD9649 = {
			isa = PBXGroup;
			children = (
				636D07CA25F0222600FD9649 /* InstaCloneProject_ */,
				636D07C925F0222600FD9649 /* Products */,
				17F782CBA0E090F4E01F7B3E /* Pods */,
				AE6EAA8CB6BC15E7DDCF7EAB /* Frameworks */,
			);
			sourceTree = "<group>";
		};
		636D07C925F0222600FD9649 /* Products */ = {
			isa = PBXGroup;
			children = (
				636D07C825F0222600FD9649 /* InstaCloneProject_.app */,
			);
			name = Products;
			sourceTree = "<group>";
		};
		636D07CA25F0222600FD9649 /* InstaCloneProject_ */ = {
			isa = PBXGroup;
			children = (
				636D07CB25F0222600FD9649 /* AppDelegate.swift */,
				636D07CD25F0222600FD9649 /* SceneDelegate.swift */,
				636D07CF25F0222600FD9649 /* ViewController.swift */,
				636D07D125F0222600FD9649 /* Main.storyboard */,
				636D07D425F0224400FD9649 /* Assets.xcassets */,
				636D07D625F0224400FD9649 /* LaunchScreen.storyboard */,
				636D07D925F0224400FD9649 /* Info.plist */,
				6321B71D2626433E00FA2636 /* GoogleService-Info.plist */,
				6321B73826269F5900FA2636 /* FeedViewController.swift */,
				6321B74526270A7F00FA2636 /* FeedCell.swift */,
				6321B73B2626A06400FA2636 /* SettingsViewController.swift */,
				6321B73E2626A0CB00FA2636 /* UploadViewController.swift */,
			);
			path = InstaCloneProject_;
			sourceTree = "<group>";
		};
		AE6EAA8CB6BC15E7DDCF7EAB /* Frameworks */ = {
			isa = PBXGroup;
			children = (
				64AFD13C44245D343149C27D /* Pods_InstaCloneProject_.framework */,
			);
			name = Frameworks;
			sourceTree = "<group>";
		};
/* End PBXGroup section */

/* Begin PBXNativeTarget section */
		636D07C725F0222600FD9649 /* InstaCloneProject_ */ = {
			isa = PBXNativeTarget;
			buildConfigurationList = 636D07DC25F0224400FD9649 /* Build configuration list for PBXNativeTarget "InstaCloneProject_" */;
			buildPhases = (
				FE1B7560D635E5627E6FECF0 /* [CP] Check Pods Manifest.lock */,
				636D07C425F0222600FD9649 /* Sources */,
				636D07C525F0222600FD9649 /* Frameworks */,
				636D07C625F0222600FD9649 /* Resources */,
				2CA7943023FF4B1B16409163 /* [CP] Embed Pods Frameworks */,
			);
			buildRules = (
			);
			dependencies = (
			);
			name = InstaCloneProject_;
			productName = InstaCloneProject_;
			productReference = 636D07C825F0222600FD9649 /* InstaCloneProject_.app */;
			productType = "com.apple.product-type.application";
		};
/* End PBXNativeTarget section */

/* Begin PBXProject section */
		636D07C025F0222600FD9649 /* Project object */ = {
			isa = PBXProject;
			attributes = {
				LastSwiftUpdateCheck = 1240;
				LastUpgradeCheck = 1240;
				TargetAttributes = {
					636D07C725F0222600FD9649 = {
						CreatedOnToolsVersion = 12.4;
					};
				};
			};
			buildConfigurationList = 636D07C325F0222600FD9649 /* Build configuration list for PBXProject "InstaCloneProject_" */;
			compatibilityVersion = "Xcode 9.3";
			developmentRegion = en;
			hasScannedForEncodings = 0;
			knownRegions = (
				en,
				Base,
			);
			mainGroup = 636D07BF25F0222600FD9649;
			productRefGroup = 636D07C925F0222600FD9649 /* Products */;
			projectDirPath = "";
			projectRoot = "";
			targets = (
				636D07C725F0222600FD9649 /* InstaCloneProject_ */,
			);
		};
/* End PBXProject section */

/* Begin PBXResourcesBuildPhase section */
		636D07C625F0222600FD9649 /* Resources */ = {
			isa = PBXResourcesBuildPhase;
			buildActionMask = 2147483647;
			files = (
				636D07D825F0224400FD9649 /* LaunchScreen.storyboard in Resources */,
				6321B71E2626433E00FA2636 /* GoogleService-Info.plist in Resources */,
				636D07D525F0224400FD9649 /* Assets.xcassets in Resources */,
				636D07D325F0222600FD9649 /* Main.storyboard in Resources */,
			);
			runOnlyForDeploymentPostprocessing = 0;
		};
/* End PBXResourcesBuildPhase section */

/* Begin PBXShellScriptBuildPhase section */
		2CA7943023FF4B1B16409163 /* [CP] Embed Pods Frameworks */ = {
			isa = PBXShellScriptBuildPhase;
			buildActionMask = 2147483647;
			files = (
			);
			inputFileListPaths = (
				"${PODS_ROOT}/Target Support Files/Pods-InstaCloneProject_/Pods-InstaCloneProject_-frameworks-${CONFIGURATION}-input-files.xcfilelist",
			);
			name = "[CP] Embed Pods Frameworks";
			outputFileListPaths = (
				"${PODS_ROOT}/Target Support Files/Pods-InstaCloneProject_/Pods-InstaCloneProject_-frameworks-${CONFIGURATION}-output-files.xcfilelist",
			);
			runOnlyForDeploymentPostprocessing = 0;
			shellPath = /bin/sh;
			shellScript = "\"${PODS_ROOT}/Target Support Files/Pods-InstaCloneProject_/Pods-InstaCloneProject_-frameworks.sh\"\n";
			showEnvVarsInLog = 0;
		};
		FE1B7560D635E5627E6FECF0 /* [CP] Check Pods Manifest.lock */ = {
			isa = PBXShellScriptBuildPhase;
			buildActionMask = 2147483647;
			files = (
			);
			inputFileListPaths = (
			);
			inputPaths = (
				"${PODS_PODFILE_DIR_PATH}/Podfile.lock",
				"${PODS_ROOT}/Manifest.lock",
			);
			name = "[CP] Check Pods Manifest.lock";
			outputFileListPaths = (
			);
			outputPaths = (
				"$(DERIVED_FILE_DIR)/Pods-InstaCloneProject_-checkManifestLockResult.txt",
			);
			runOnlyForDeploymentPostprocessing = 0;
			shellPath = /bin/sh;
			shellScript = "diff \"${PODS_PODFILE_DIR_PATH}/Podfile.lock\" \"${PODS_ROOT}/Manifest.lock\" > /dev/null\nif [ $? != 0 ] ; then\n    # print error to STDERR\n    echo \"error: The sandbox is not in sync with the Podfile.lock. Run 'pod install' or update your CocoaPods installation.\" >&2\n    exit 1\nfi\n# This output is used by Xcode 'outputs' to avoid re-running this script phase.\necho \"SUCCESS\" > \"${SCRIPT_OUTPUT_FILE_0}\"\n";
			showEnvVarsInLog = 0;
		};
/* End PBXShellScriptBuildPhase section */

/* Begin PBXSourcesBuildPhase section */
		636D07C425F0222600FD9649 /* Sources */ = {
			isa = PBXSourcesBuildPhase;
			buildActionMask = 2147483647;
			files = (
				6321B74626270A7F00FA2636 /* FeedCell.swift in Sources */,
				636D07D025F0222600FD9649 /* ViewController.swift in Sources */,
				6321B73F2626A0CB00FA2636 /* UploadViewController.swift in Sources */,
				636D07CC25F0222600FD9649 /* AppDelegate.swift in Sources */,
				6321B73926269F5A00FA2636 /* FeedViewController.swift in Sources */,
				6321B73C2626A06400FA2636 /* SettingsViewController.swift in Sources */,
				636D07CE25F0222600FD9649 /* SceneDelegate.swift in Sources */,
			);
			runOnlyForDeploymentPostprocessing = 0;
		};
/* End PBXSourcesBuildPhase section */

/* Begin PBXVariantGroup section */
		636D07D125F0222600FD9649 /* Main.storyboard */ = {
			isa = PBXVariantGroup;
			children = (
				636D07D225F0222600FD9649 /* Base */,
			);
			name = Main.storyboard;
			sourceTree = "<group>";
		};
		636D07D625F0224400FD9649 /* LaunchScreen.storyboard */ = {
			isa = PBXVariantGroup;
			children = (
				636D07D725F0224400FD9649 /* Base */,
			);
			name = LaunchScreen.storyboard;
			sourceTree = "<group>";
		};
/* End PBXVariantGroup section */

/* Begin XCBuildConfiguration section */
		636D07DA25F0224400FD9649 /* Debug */ = {
			isa = XCBuildConfiguration;
			buildSettings = {
				ALWAYS_SEARCH_USER_PATHS = NO;
				CLANG_ANALYZER_NONNULL = YES;
				CLANG_ANALYZER_NUMBER_OBJECT_CONVERSION = YES_AGGRESSIVE;
				CLANG_CXX_LANGUAGE_STANDARD = "gnu++14";
				CLANG_CXX_LIBRARY = "libc++";
				CLANG_ENABLE_MODULES = YES;
				CLANG_ENABLE_OBJC_ARC = YES;
				CLANG_ENABLE_OBJC_WEAK = YES;
				CLANG_WARN_BLOCK_CAPTURE_AUTORELEASING = YES;
				CLANG_WARN_BOOL_CONVERSION = YES;
				CLANG_WARN_COMMA = YES;
				CLANG_WARN_CONSTANT_CONVERSION = YES;
				CLANG_WARN_DEPRECATED_OBJC_IMPLEMENTATIONS = YES;
				CLANG_WARN_DIRECT_OBJC_ISA_USAGE = YES_ERROR;
				CLANG_WARN_DOCUMENTATION_COMMENTS = YES;
				CLANG_WARN_EMPTY_BODY = YES;
				CLANG_WARN_ENUM_CONVERSION = YES;
				CLANG_WARN_INFINITE_RECURSION = YES;
				CLANG_WARN_INT_CONVERSION = YES;
				CLANG_WARN_NON_LITERAL_NULL_CONVERSION = YES;
				CLANG_WARN_OBJC_IMPLICIT_RETAIN_SELF = YES;
				CLANG_WARN_OBJC_LITERAL_CONVERSION = YES;
				CLANG_WARN_OBJC_ROOT_CLASS = YES_ERROR;
				CLANG_WARN_QUOTED_INCLUDE_IN_FRAMEWORK_HEADER = YES;
				CLANG_WARN_RANGE_LOOP_ANALYSIS = YES;
				CLANG_WARN_STRICT_PROTOTYPES = YES;
				CLANG_WARN_SUSPICIOUS_MOVE = YES;
				CLANG_WARN_UNGUARDED_AVAILABILITY = YES_AGGRESSIVE;
				CLANG_WARN_UNREACHABLE_CODE = YES;
				CLANG_WARN__DUPLICATE_METHOD_MATCH = YES;
				COPY_PHASE_STRIP = NO;
				DEBUG_INFORMATION_FORMAT = dwarf;
				ENABLE_STRICT_OBJC_MSGSEND = YES;
				ENABLE_TESTABILITY = YES;
				GCC_C_LANGUAGE_STANDARD = gnu11;
				GCC_DYNAMIC_NO_PIC = NO;
				GCC_NO_COMMON_BLOCKS = YES;
				GCC_OPTIMIZATION_LEVEL = 0;
				GCC_PREPROCESSOR_DEFINITIONS = (
					"DEBUG=1",
					"$(inherited)",
				);
				GCC_WARN_64_TO_32_BIT_CONVERSION = YES;
				GCC_WARN_ABOUT_RETURN_TYPE = YES_ERROR;
				GCC_WARN_UNDECLARED_SELECTOR = YES;
				GCC_WARN_UNINITIALIZED_AUTOS = YES_AGGRESSIVE;
				GCC_WARN_UNUSED_FUNCTION = YES;
				GCC_WARN_UNUSED_VARIABLE = YES;
				IPHONEOS_DEPLOYMENT_TARGET = 14.4;
				MTL_ENABLE_DEBUG_INFO = INCLUDE_SOURCE;
				MTL_FAST_MATH = YES;
				ONLY_ACTIVE_ARCH = YES;
				SDKROOT = iphoneos;
				SWIFT_ACTIVE_COMPILATION_CONDITIONS = DEBUG;
				SWIFT_OPTIMIZATION_LEVEL = "-Onone";
			};
			name = Debug;
		};
		636D07DB25F0224400FD9649 /* Release */ = {
			isa = XCBuildConfiguration;
			buildSettings = {
				ALWAYS_SEARCH_USER_PATHS = NO;
				CLANG_ANALYZER_NONNULL = YES;
				CLANG_ANALYZER_NUMBER_OBJECT_CONVERSION = YES_AGGRESSIVE;
				CLANG_CXX_LANGUAGE_STANDARD = "gnu++14";
				CLANG_CXX_LIBRARY = "libc++";
				CLANG_ENABLE_MODULES = YES;
				CLANG_ENABLE_OBJC_ARC = YES;
				CLANG_ENABLE_OBJC_WEAK = YES;
				CLANG_WARN_BLOCK_CAPTURE_AUTORELEASING = YES;
				CLANG_WARN_BOOL_CONVERSION = YES;
				CLANG_WARN_COMMA = YES;
				CLANG_WARN_CONSTANT_CONVERSION = YES;
				CLANG_WARN_DEPRECATED_OBJC_IMPLEMENTATIONS = YES;
				CLANG_WARN_DIRECT_OBJC_ISA_USAGE = YES_ERROR;
				CLANG_WARN_DOCUMENTATION_COMMENTS = YES;
				CLANG_WARN_EMPTY_BODY = YES;
				CLANG_WARN_ENUM_CONVERSION = YES;
				CLANG_WARN_INFINITE_RECURSION = YES;
				CLANG_WARN_INT_CONVERSION = YES;
				CLANG_WARN_NON_LITERAL_NULL_CONVERSION = YES;
				CLANG_WARN_OBJC_IMPLICIT_RETAIN_SELF = YES;
				CLANG_WARN_OBJC_LITERAL_CONVERSION = YES;
				CLANG_WARN_OBJC_ROOT_CLASS = YES_ERROR;
				CLANG_WARN_QUOTED_INCLUDE_IN_FRAMEWORK_HEADER = YES;
				CLANG_WARN_RANGE_LOOP_ANALYSIS = YES;
				CLANG_WARN_STRICT_PROTOTYPES = YES;
				CLANG_WARN_SUSPICIOUS_MOVE = YES;
				CLANG_WARN_UNGUARDED_AVAILABILITY = YES_AGGRESSIVE;
				CLANG_WARN_UNREACHABLE_CODE = YES;
				CLANG_WARN__DUPLICATE_METHOD_MATCH = YES;
				COPY_PHASE_STRIP = NO;
				DEBUG_INFORMATION_FORMAT = "dwarf-with-dsym";
				ENABLE_NS_ASSERTIONS = NO;
				ENABLE_STRICT_OBJC_MSGSEND = YES;
				GCC_C_LANGUAGE_STANDARD = gnu11;
				GCC_NO_COMMON_BLOCKS = YES;
				GCC_WARN_64_TO_32_BIT_CONVERSION = YES;
				GCC_WARN_ABOUT_RETURN_TYPE = YES_ERROR;
				GCC_WARN_UNDECLARED_SELECTOR = YES;
				GCC_WARN_UNINITIALIZED_AUTOS = YES_AGGRESSIVE;
				GCC_WARN_UNUSED_FUNCTION = YES;
				GCC_WARN_UNUSED_VARIABLE = YES;
				IPHONEOS_DEPLOYMENT_TARGET = 14.4;
				MTL_ENABLE_DEBUG_INFO = NO;
				MTL_FAST_MATH = YES;
				SDKROOT = iphoneos;
				SWIFT_COMPILATION_MODE = wholemodule;
				SWIFT_OPTIMIZATION_LEVEL = "-O";
				VALIDATE_PRODUCT = YES;
			};
			name = Release;
		};
		636D07DD25F0224400FD9649 /* Debug */ = {
			isa = XCBuildConfiguration;
			baseConfigurationReference = DE8A560AB6CDB108DEAF1318 /* Pods-InstaCloneProject_.debug.xcconfig */;
			buildSettings = {
				ASSETCATALOG_COMPILER_APPICON_NAME = AppIcon;
				ASSETCATALOG_COMPILER_GLOBAL_ACCENT_COLOR_NAME = AccentColor;
				CODE_SIGN_STYLE = Automatic;
				INFOPLIST_FILE = InstaCloneProject_/Info.plist;
				LD_RUNPATH_SEARCH_PATHS = (
					"$(inherited)",
					"@executable_path/Frameworks",
				);
				PRODUCT_BUNDLE_IDENTIFIER = "seyma-nur-aksoy.InstaCloneProject-";
				PRODUCT_NAME = "$(TARGET_NAME)";
				SWIFT_VERSION = 5.0;
				TARGETED_DEVICE_FAMILY = "1,2";
			};
			name = Debug;
		};
		636D07DE25F0224400FD9649 /* Release */ = {
			isa = XCBuildConfiguration;
			baseConfigurationReference = 9E33A9211628917E93F1497A /* Pods-InstaCloneProject_.release.xcconfig */;
			buildSettings = {
				ASSETCATALOG_COMPILER_APPICON_NAME = AppIcon;
				ASSETCATALOG_COMPILER_GLOBAL_ACCENT_COLOR_NAME = AccentColor;
				CODE_SIGN_STYLE = Automatic;
				INFOPLIST_FILE = InstaCloneProject_/Info.plist;
				LD_RUNPATH_SEARCH_PATHS = (
					"$(inherited)",
					"@executable_path/Frameworks",
				);
				PRODUCT_BUNDLE_IDENTIFIER = "seyma-nur-aksoy.InstaCloneProject-";
				PRODUCT_NAME = "$(TARGET_NAME)";
				SWIFT_VERSION = 5.0;
				TARGETED_DEVICE_FAMILY = "1,2";
			};
			name = Release;
		};
/* End XCBuildConfiguration section */

/* Begin XCConfigurationList section */
		636D07C325F0222600FD9649 /* Build configuration list for PBXProject "InstaCloneProject_" */ = {
			isa = XCConfigurationList;
			buildConfigurations = (
				636D07DA25F0224400FD9649 /* Debug */,
				636D07DB25F0224400FD9649 /* Release */,
			);
			defaultConfigurationIsVisible = 0;
			defaultConfigurationName = Release;
		};
		636D07DC25F0224400FD9649 /* Build configuration list for PBXNativeTarget "InstaCloneProject_" */ = {
			isa = XCConfigurationList;
			buildConfigurations = (
				636D07DD25F0224400FD9649 /* Debug */,
				636D07DE25F0224400FD9649 /* Release */,
			);
			defaultConfigurationIsVisible = 0;
			defaultConfigurationName = Release;
		};
/* End XCConfigurationList section */
	};
	rootObject = 636D07C025F0222600FD9649 /* Project object */;
}
